{
	"name": "@bform/form-generater",
	"version": "0.1.0",
	"lockfileVersion": 1,
	"requires": true,
	"dependencies": {
		"@ant-design/colors": {
			"version": "6.0.0",
			"resolved": "https://registry.npm.taobao.org/@ant-design/colors/download/@ant-design/colors-6.0.0.tgz",
			"integrity": "sha1-m5NmJXz/zEfbQrnQIDu1ksE8Apg=",
			"dev": true,
			"requires": {
				"@ctrl/tinycolor": "^3.4.0"
			}
		},
		"@ant-design/icons": {
			"version": "4.6.2",
			"resolved": "https://registry.npm.taobao.org/@ant-design/icons/download/@ant-design/icons-4.6.2.tgz",
			"integrity": "sha1-KQ8ujN5QWrCB/aY+UR6C08SL6YI=",
			"dev": true,
			"requires": {
				"@ant-design/colors": "^6.0.0",
				"@ant-design/icons-svg": "^4.0.0",
				"@babel/runtime": "^7.11.2",
				"classnames": "^2.2.6",
				"rc-util": "^5.9.4"
			}
		},
		"@ant-design/icons-svg": {
			"version": "4.1.0",
			"resolved": "https://registry.npm.taobao.org/@ant-design/icons-svg/download/@ant-design/icons-svg-4.1.0.tgz",
			"integrity": "sha1-SAsCX0sg73/o9H1KSEbk/uhOoGw=",
			"dev": true
		},
		"@ant-design/react-slick": {
			"version": "0.28.3",
			"resolved": "https://registry.npm.taobao.org/@ant-design/react-slick/download/@ant-design/react-slick-0.28.3.tgz",
			"integrity": "sha1-rVzxz1A2PBo4QodNadDOHyZpbnE=",
			"dev": true,
			"requires": {
				"@babel/runtime": "^7.10.4",
				"classnames": "^2.2.5",
				"json2mq": "^0.2.0",
				"lodash": "^4.17.21",
				"resize-observer-polyfill": "^1.5.0"
			}
		},
		"@babel/runtime": {
			"version": "7.14.6",
			"resolved": "https://registry.nlark.com/@babel/runtime/download/@babel/runtime-7.14.6.tgz",
			"integrity": "sha1-U1IDvAiS78fexgvcJ7Ls9uQJBi0=",
			"dev": true,
			"requires": {
				"regenerator-runtime": "^0.13.4"
			}
		},
		"@ctrl/tinycolor": {
			"version": "3.4.0",
			"resolved": "https://registry.npm.taobao.org/@ctrl/tinycolor/download/@ctrl/tinycolor-3.4.0.tgz",
			"integrity": "sha1-w8WuVDyJfKqcKmhjC+01W+X5mQ8=",
			"dev": true
		},
		"@types/antd": {
			"version": "1.0.0",
			"resolved": "https://registry.nlark.com/@types/antd/download/@types/antd-1.0.0.tgz",
			"integrity": "sha1-8E4qhO/Z6pNzZs09+62l08lJRx0=",
			"dev": true,
			"requires": {
				"antd": "*"
			}
		},
		"@types/node": {
			"version": "15.12.2",
			"resolved": "https://registry.nlark.com/@types/node/download/@types/node-15.12.2.tgz",
			"integrity": "sha1-HytCxL5xVv9Kb5FLL7A9BfqE440=",
			"dev": true
		},
		"@types/prop-types": {
			"version": "15.7.3",
			"resolved": "https://registry.nlark.com/@types/prop-types/download/@types/prop-types-15.7.3.tgz?cache=0&sync_timestamp=1621242704691&other_urls=https%3A%2F%2Fregistry.nlark.com%2F%40types%2Fprop-types%2Fdownload%2F%40types%2Fprop-types-15.7.3.tgz",
			"integrity": "sha1-KrDV2i5YFflLC51LldHl8kOrLKc=",
			"dev": true
		},
		"@types/react": {
			"version": "17.0.11",
			"resolved": "https://registry.nlark.com/@types/react/download/@types/react-17.0.11.tgz",
			"integrity": "sha1-Z/zQ3b9aCwg6D5TpJsfWPzuDZFE=",
			"dev": true,
			"requires": {
				"@types/prop-types": "*",
				"@types/scheduler": "*",
				"csstype": "^3.0.2"
			}
		},
		"@types/react-dom": {
			"version": "17.0.7",
			"resolved": "https://registry.nlark.com/@types/react-dom/download/@types/react-dom-17.0.7.tgz",
			"integrity": "sha1-uO4V6tnl1sLIWLRJSf3y6+UhIjI=",
			"dev": true,
			"requires": {
				"@types/react": "*"
			}
		},
		"@types/scheduler": {
			"version": "0.16.1",
			"resolved": "https://registry.nlark.com/@types/scheduler/download/@types/scheduler-0.16.1.tgz?cache=0&sync_timestamp=1621242704081&other_urls=https%3A%2F%2Fregistry.nlark.com%2F%40types%2Fscheduler%2Fdownload%2F%40types%2Fscheduler-0.16.1.tgz",
			"integrity": "sha1-GIRSBehv8AOFF6q3oYpiprn3EnU=",
			"dev": true
		},
		"antd": {
			"version": "4.16.3",
			"resolved": "https://registry.nlark.com/antd/download/antd-4.16.3.tgz?cache=0&sync_timestamp=1623726212202&other_urls=https%3A%2F%2Fregistry.nlark.com%2Fantd%2Fdownload%2Fantd-4.16.3.tgz",
			"integrity": "sha1-mDZhPq6rtVoLzUQjVR32mdZfZ6g=",
			"dev": true,
			"requires": {
				"@ant-design/colors": "^6.0.0",
				"@ant-design/icons": "^4.6.2",
				"@ant-design/react-slick": "~0.28.1",
				"@babel/runtime": "^7.12.5",
				"array-tree-filter": "^2.1.0",
				"classnames": "^2.2.6",
				"copy-to-clipboard": "^3.2.0",
				"lodash": "^4.17.21",
				"moment": "^2.25.3",
				"rc-cascader": "~1.4.0",
				"rc-checkbox": "~2.3.0",
				"rc-collapse": "~3.1.0",
				"rc-dialog": "~8.5.1",
				"rc-drawer": "~4.3.0",
				"rc-dropdown": "~3.2.0",
				"rc-field-form": "~1.20.0",
				"rc-image": "~5.2.4",
				"rc-input-number": "~7.1.0",
				"rc-mentions": "~1.6.1",
				"rc-menu": "~9.0.9",
				"rc-motion": "^2.4.0",
				"rc-notification": "~4.5.7",
				"rc-pagination": "~3.1.6",
				"rc-picker": "~2.5.10",
				"rc-progress": "~3.1.0",
				"rc-rate": "~2.9.0",
				"rc-resize-observer": "^1.0.0",
				"rc-select": "~12.1.6",
				"rc-slider": "~9.7.1",
				"rc-steps": "~4.1.0",
				"rc-switch": "~3.2.0",
				"rc-table": "~7.15.1",
				"rc-tabs": "~11.9.1",
				"rc-textarea": "~0.3.0",
				"rc-tooltip": "~5.1.1",
				"rc-tree": "~4.1.0",
				"rc-tree-select": "~4.3.0",
				"rc-trigger": "^5.2.1",
				"rc-upload": "~4.3.0",
				"rc-util": "^5.13.1",
				"scroll-into-view-if-needed": "^2.2.25",
				"warning": "^4.0.3"
			}
		},
		"array-tree-filter": {
			"version": "2.1.0",
			"resolved": "https://registry.npm.taobao.org/array-tree-filter/download/array-tree-filter-2.1.0.tgz",
			"integrity": "sha1-hzrAD+yDdJ8lWsjdCDgUtPYykZA=",
			"dev": true
		},
		"async-validator": {
			"version": "3.5.2",
			"resolved": "https://registry.nlark.com/async-validator/download/async-validator-3.5.2.tgz",
			"integrity": "sha1-aOhmqWgk6LJpT/eoMcGiXETV5QA=",
			"dev": true
		},
		"classnames": {
			"version": "2.3.1",
			"resolved": "https://registry.npm.taobao.org/classnames/download/classnames-2.3.1.tgz",
			"integrity": "sha1-38+jiR4wbsHa0QXQ6I9EF7hTXo4=",
			"dev": true
		},
		"compute-scroll-into-view": {
			"version": "1.0.17",
			"resolved": "https://registry.npm.taobao.org/compute-scroll-into-view/download/compute-scroll-into-view-1.0.17.tgz?cache=0&sync_timestamp=1614042283471&other_urls=https%3A%2F%2Fregistry.npm.taobao.org%2Fcompute-scroll-into-view%2Fdownload%2Fcompute-scroll-into-view-1.0.17.tgz",
			"integrity": "sha1-aojxis2dQunPS6pr7H4FImB6t6s=",
			"dev": true
		},
		"copy-to-clipboard": {
			"version": "3.3.1",
			"resolved": "https://registry.npm.taobao.org/copy-to-clipboard/download/copy-to-clipboard-3.3.1.tgz",
			"integrity": "sha1-EVqhqZmP+rYZb5MHatbaO5E2Yq4=",
			"dev": true,
			"requires": {
				"toggle-selection": "^1.0.6"
			}
		},
		"csstype": {
			"version": "3.0.8",
			"resolved": "https://registry.nlark.com/csstype/download/csstype-3.0.8.tgz?cache=0&other_urls=https%3A%2F%2Fregistry.nlark.com%2Fcsstype%2Fdownload%2Fcsstype-3.0.8.tgz",
			"integrity": "sha1-0iZqeScp+yJ80hb7Vy9Dco4a00A=",
			"dev": true
		},
		"date-fns": {
			"version": "2.22.1",
			"resolved": "https://registry.nlark.com/date-fns/download/date-fns-2.22.1.tgz?cache=0&sync_timestamp=1622203644563&other_urls=https%3A%2F%2Fregistry.nlark.com%2Fdate-fns%2Fdownload%2Fdate-fns-2.22.1.tgz",
			"integrity": "sha1-Hlr5WYMeux2CmSv2e3ZQUtjw78Q=",
			"dev": true
		},
		"dom-align": {
			"version": "1.12.2",
			"resolved": "https://registry.nlark.com/dom-align/download/dom-align-1.12.2.tgz",
			"integrity": "sha1-D4Fk69DJwhsMeQMQSTzYVYkqzUs=",
			"dev": true
		},
		"eslint-config-prettier": {
			"version": "8.3.0",
			"resolved": "https://registry.nlark.com/eslint-config-prettier/download/eslint-config-prettier-8.3.0.tgz",
			"integrity": "sha1-90cbILb+ipqSVMxoRFQgKIai3Xo=",
			"dev": true
		},
		"eslint-plugin-prettier": {
			"version": "3.4.0",
			"resolved": "https://registry.npm.taobao.org/eslint-plugin-prettier/download/eslint-plugin-prettier-3.4.0.tgz",
			"integrity": "sha1-zbrTvx29Kxd+mCVzf+Y7R2oI8Mc=",
			"dev": true,
			"requires": {
				"prettier-linter-helpers": "^1.0.0"
			}
		},
		"fast-diff": {
			"version": "1.2.0",
			"resolved": "https://registry.npm.taobao.org/fast-diff/download/fast-diff-1.2.0.tgz",
			"integrity": "sha1-c+4RmC2Gyq95WYKNUZz+kn+sXwM=",
			"dev": true
		},
		"js-tokens": {
			"version": "4.0.0",
			"resolved": "https://registry.nlark.com/js-tokens/download/js-tokens-4.0.0.tgz?cache=0&sync_timestamp=1619345098261&other_urls=https%3A%2F%2Fregistry.nlark.com%2Fjs-tokens%2Fdownload%2Fjs-tokens-4.0.0.tgz",
			"integrity": "sha1-GSA/tZmR35jjoocFDUZHzerzJJk=",
			"dev": true
		},
		"json2mq": {
			"version": "0.2.0",
			"resolved": "https://registry.npm.taobao.org/json2mq/download/json2mq-0.2.0.tgz",
			"integrity": "sha1-tje9O6nqvhIsg+lyBIOusQ0skEo=",
			"dev": true,
			"requires": {
				"string-convert": "^0.2.0"
			}
		},
		"lodash": {
			"version": "4.17.21",
			"resolved": "https://registry.nlark.com/lodash/download/lodash-4.17.21.tgz",
			"integrity": "sha1-Z5WRxWTDv/quhFTPCz3zcMPWkRw=",
			"dev": true
		},
		"loose-envify": {
			"version": "1.4.0",
			"resolved": "https://registry.npm.taobao.org/loose-envify/download/loose-envify-1.4.0.tgz",
			"integrity": "sha1-ce5R+nvkyuwaY4OffmgtgTLTDK8=",
			"dev": true,
			"requires": {
				"js-tokens": "^3.0.0 || ^4.0.0"
			}
		},
		"moment": {
			"version": "2.29.1",
			"resolved": "https://registry.npm.taobao.org/moment/download/moment-2.29.1.tgz?cache=0&sync_timestamp=1601984157103&other_urls=https%3A%2F%2Fregistry.npm.taobao.org%2Fmoment%2Fdownload%2Fmoment-2.29.1.tgz",
			"integrity": "sha1-sr52n6MZQL6e7qZGnAdeNQBvo9M=",
			"dev": true
		},
		"object-assign": {
			"version": "4.1.1",
			"resolved": "https://registry.nlark.com/object-assign/download/object-assign-4.1.1.tgz?cache=0&sync_timestamp=1618847240432&other_urls=https%3A%2F%2Fregistry.nlark.com%2Fobject-assign%2Fdownload%2Fobject-assign-4.1.1.tgz",
			"integrity": "sha1-IQmtx5ZYh8/AXLvUQsrIv7s2CGM=",
			"dev": true
		},
		"prettier": {
			"version": "2.3.0",
			"resolved": "https://registry.nlark.com/prettier/download/prettier-2.3.0.tgz",
			"integrity": "sha1-tqW/EoQCauZA8X9/9WWKdWf8DRg=",
			"dev": true
		},
		"prettier-linter-helpers": {
			"version": "1.0.0",
			"resolved": "https://registry.npm.taobao.org/prettier-linter-helpers/download/prettier-linter-helpers-1.0.0.tgz",
			"integrity": "sha1-0j1B/hN1ZG3i0BBNNFSjAIgCz3s=",
			"dev": true,
			"requires": {
				"fast-diff": "^1.1.2"
			}
		},
		"rc-align": {
			"version": "4.0.9",
			"resolved": "https://registry.npm.taobao.org/rc-align/download/rc-align-4.0.9.tgz",
			"integrity": "sha1-RtiAHEoTn/amWtFnTo786smPhfI=",
			"dev": true,
			"requires": {
				"@babel/runtime": "^7.10.1",
				"classnames": "2.x",
				"dom-align": "^1.7.0",
				"rc-util": "^5.3.0",
				"resize-observer-polyfill": "^1.5.1"
			}
		},
		"rc-cascader": {
			"version": "1.4.3",
			"resolved": "https://registry.nlark.com/rc-cascader/download/rc-cascader-1.4.3.tgz",
			"integrity": "sha1-2RsNz4FXtg6+nsPli02wVNUplGQ=",
			"dev": true,
			"requires": {
				"@babel/runtime": "^7.12.5",
				"array-tree-filter": "^2.1.0",
				"rc-trigger": "^5.0.4",
				"rc-util": "^5.0.1",
				"warning": "^4.0.1"
			}
		},
		"rc-checkbox": {
			"version": "2.3.2",
			"resolved": "https://registry.nlark.com/rc-checkbox/download/rc-checkbox-2.3.2.tgz",
			"integrity": "sha1-+Rs2eMftsrqoEhyUg8Zk+m8K78E=",
			"dev": true,
			"requires": {
				"@babel/runtime": "^7.10.1",
				"classnames": "^2.2.1"
			}
		},
		"rc-collapse": {
			"version": "3.1.1",
			"resolved": "https://registry.nlark.com/rc-collapse/download/rc-collapse-3.1.1.tgz?cache=0&sync_timestamp=1621999847304&other_urls=https%3A%2F%2Fregistry.nlark.com%2Frc-collapse%2Fdownload%2Frc-collapse-3.1.1.tgz",
			"integrity": "sha1-JCHUVOhXgdHPLwT5BpGOBnfXeeY=",
			"dev": true,
			"requires": {
				"@babel/runtime": "^7.10.1",
				"classnames": "2.x",
				"rc-motion": "^2.3.4",
				"rc-util": "^5.2.1",
				"shallowequal": "^1.1.0"
			}
		},
		"rc-dialog": {
			"version": "8.5.2",
			"resolved": "https://registry.npm.taobao.org/rc-dialog/download/rc-dialog-8.5.2.tgz",
			"integrity": "sha1-Uw4onCWjHBXIWg6KS6PzNBS/9Bg=",
			"dev": true,
			"requires": {
				"@babel/runtime": "^7.10.1",
				"classnames": "^2.2.6",
				"rc-motion": "^2.3.0",
				"rc-util": "^5.6.1"
			}
		},
		"rc-drawer": {
			"version": "4.3.1",
			"resolved": "https://registry.npm.taobao.org/rc-drawer/download/rc-drawer-4.3.1.tgz?cache=0&sync_timestamp=1614159637615&other_urls=https%3A%2F%2Fregistry.npm.taobao.org%2Frc-drawer%2Fdownload%2Frc-drawer-4.3.1.tgz",
			"integrity": "sha1-NWMzp68Bt3er1oXJbCzmLvtE8/M=",
			"dev": true,
			"requires": {
				"@babel/runtime": "^7.10.1",
				"classnames": "^2.2.6",
				"rc-util": "^5.7.0"
			}
		},
		"rc-dropdown": {
			"version": "3.2.0",
			"resolved": "https://registry.npm.taobao.org/rc-dropdown/download/rc-dropdown-3.2.0.tgz?cache=0&sync_timestamp=1600332805598&other_urls=https%3A%2F%2Fregistry.npm.taobao.org%2Frc-dropdown%2Fdownload%2Frc-dropdown-3.2.0.tgz",
			"integrity": "sha1-2mwq2kA4QrruOp6Qmgsakbo+EJA=",
			"dev": true,
			"requires": {
				"@babel/runtime": "^7.10.1",
				"classnames": "^2.2.6",
				"rc-trigger": "^5.0.4"
			}
		},
		"rc-field-form": {
			"version": "1.20.1",
			"resolved": "https://registry.nlark.com/rc-field-form/download/rc-field-form-1.20.1.tgz",
			"integrity": "sha1-0cUYiBB88HW0JwS3tXW++Ew1kpE=",
			"dev": true,
			"requires": {
				"@babel/runtime": "^7.8.4",
				"async-validator": "^3.0.3",
				"rc-util": "^5.8.0"
			}
		},
		"rc-image": {
			"version": "5.2.4",
			"resolved": "https://registry.npm.taobao.org/rc-image/download/rc-image-5.2.4.tgz",
			"integrity": "sha1-/xBZ+Te95sqRjG8b6zFr66kR8lU=",
			"dev": true,
			"requires": {
				"@babel/runtime": "^7.11.2",
				"classnames": "^2.2.6",
				"rc-dialog": "~8.5.0",
				"rc-util": "^5.0.6"
			}
		},
		"rc-input-number": {
			"version": "7.1.4",
			"resolved": "https://registry.nlark.com/rc-input-number/download/rc-input-number-7.1.4.tgz?cache=0&sync_timestamp=1622967460542&other_urls=https%3A%2F%2Fregistry.nlark.com%2Frc-input-number%2Fdownload%2Frc-input-number-7.1.4.tgz",
			"integrity": "sha1-nXQQyR/43GOE0CM8IN8niYKYn5o=",
			"dev": true,
			"requires": {
				"@babel/runtime": "^7.10.1",
				"classnames": "^2.2.5",
				"rc-util": "^5.9.8"
			}
		},
		"rc-mentions": {
			"version": "1.6.1",
			"resolved": "https://registry.nlark.com/rc-mentions/download/rc-mentions-1.6.1.tgz",
			"integrity": "sha1-RgNQJ9ZKoz74QLoPvUEYceNGF64=",
			"dev": true,
			"requires": {
				"@babel/runtime": "^7.10.1",
				"classnames": "^2.2.6",
				"rc-menu": "^9.0.0",
				"rc-textarea": "^0.3.0",
				"rc-trigger": "^5.0.4",
				"rc-util": "^5.0.1"
			}
		},
		"rc-menu": {
			"version": "9.0.11",
			"resolved": "https://registry.nlark.com/rc-menu/download/rc-menu-9.0.11.tgz",
			"integrity": "sha1-XGyZSj33Dx5p7HmWzrUGeywzXUU=",
			"dev": true,
			"requires": {
				"@babel/runtime": "^7.10.1",
				"classnames": "2.x",
				"rc-motion": "^2.4.3",
				"rc-overflow": "^1.2.0",
				"rc-trigger": "^5.1.2",
				"rc-util": "^5.12.0",
				"shallowequal": "^1.1.0"
			}
		},
		"rc-motion": {
			"version": "2.4.4",
			"resolved": "https://registry.nlark.com/rc-motion/download/rc-motion-2.4.4.tgz?cache=0&sync_timestamp=1622690277309&other_urls=https%3A%2F%2Fregistry.nlark.com%2Frc-motion%2Fdownload%2Frc-motion-2.4.4.tgz",
			"integrity": "sha1-6ZXV+iT8kwZcJPcUhXzyZ31lW7A=",
			"dev": true,
			"requires": {
				"@babel/runtime": "^7.11.1",
				"classnames": "^2.2.1",
				"rc-util": "^5.2.1"
			}
		},
		"rc-notification": {
			"version": "4.5.7",
			"resolved": "https://registry.nlark.com/rc-notification/download/rc-notification-4.5.7.tgz?cache=0&sync_timestamp=1622341129416&other_urls=https%3A%2F%2Fregistry.nlark.com%2Frc-notification%2Fdownload%2Frc-notification-4.5.7.tgz",
			"integrity": "sha1-Jl5uagwaD6xj1qvU2DLrj/MVIvE=",
			"dev": true,
			"requires": {
				"@babel/runtime": "^7.10.1",
				"classnames": "2.x",
				"rc-motion": "^2.2.0",
				"rc-util": "^5.0.1"
			}
		},
		"rc-overflow": {
			"version": "1.2.2",
			"resolved": "https://registry.nlark.com/rc-overflow/download/rc-overflow-1.2.2.tgz?cache=0&sync_timestamp=1622806192570&other_urls=https%3A%2F%2Fregistry.nlark.com%2Frc-overflow%2Fdownload%2Frc-overflow-1.2.2.tgz",
			"integrity": "sha1-lbAiIBbAzb3A24X1acJi53BqXyI=",
			"dev": true,
			"requires": {
				"@babel/runtime": "^7.11.1",
				"classnames": "^2.2.1",
				"rc-resize-observer": "^1.0.0",
				"rc-util": "^5.5.1"
			}
		},
		"rc-pagination": {
			"version": "3.1.6",
			"resolved": "https://registry.npm.taobao.org/rc-pagination/download/rc-pagination-3.1.6.tgz",
			"integrity": "sha1-2zwG5QJwtS/icqxSfB/cLI0orx8=",
			"dev": true,
			"requires": {
				"@babel/runtime": "^7.10.1",
				"classnames": "^2.2.1"
			}
		},
		"rc-picker": {
			"version": "2.5.12",
			"resolved": "https://registry.nlark.com/rc-picker/download/rc-picker-2.5.12.tgz?cache=0&sync_timestamp=1623230009459&other_urls=https%3A%2F%2Fregistry.nlark.com%2Frc-picker%2Fdownload%2Frc-picker-2.5.12.tgz",
			"integrity": "sha1-9XQydtKynsVqA7crZZMywG5LuYM=",
			"dev": true,
			"requires": {
				"@babel/runtime": "^7.10.1",
				"classnames": "^2.2.1",
				"date-fns": "^2.15.0",
				"moment": "^2.24.0",
				"rc-trigger": "^5.0.4",
				"rc-util": "^5.4.0",
				"shallowequal": "^1.1.0"
			}
		},
		"rc-progress": {
			"version": "3.1.4",
			"resolved": "https://registry.nlark.com/rc-progress/download/rc-progress-3.1.4.tgz?cache=0&sync_timestamp=1621251955621&other_urls=https%3A%2F%2Fregistry.nlark.com%2Frc-progress%2Fdownload%2Frc-progress-3.1.4.tgz",
			"integrity": "sha1-ZgQND659jO0rOFiDeOzLKGS61hU=",
			"dev": true,
			"requires": {
				"@babel/runtime": "^7.10.1",
				"classnames": "^2.2.6"
			}
		},
		"rc-rate": {
			"version": "2.9.1",
			"resolved": "https://registry.npm.taobao.org/rc-rate/download/rc-rate-2.9.1.tgz?cache=0&sync_timestamp=1605573580493&other_urls=https%3A%2F%2Fregistry.npm.taobao.org%2Frc-rate%2Fdownload%2Frc-rate-2.9.1.tgz",
			"integrity": "sha1-5Dy5XE65CiweCxbsZhTYxDUwpzE=",
			"dev": true,
			"requires": {
				"@babel/runtime": "^7.10.1",
				"classnames": "^2.2.5",
				"rc-util": "^5.0.1"
			}
		},
		"rc-resize-observer": {
			"version": "1.0.0",
			"resolved": "https://registry.npm.taobao.org/rc-resize-observer/download/rc-resize-observer-1.0.0.tgz?cache=0&sync_timestamp=1608865049516&other_urls=https%3A%2F%2Fregistry.npm.taobao.org%2Frc-resize-observer%2Fdownload%2Frc-resize-observer-1.0.0.tgz",
			"integrity": "sha1-l/uJhW9i/sMqtuQJM5Nc9Y4uEC0=",
			"dev": true,
			"requires": {
				"@babel/runtime": "^7.10.1",
				"classnames": "^2.2.1",
				"rc-util": "^5.0.0",
				"resize-observer-polyfill": "^1.5.1"
			}
		},
		"rc-select": {
			"version": "12.1.10",
			"resolved": "https://registry.nlark.com/rc-select/download/rc-select-12.1.10.tgz",
			"integrity": "sha1-Zs5DGSdRGQt8DpoKse95YGQhzjA=",
			"dev": true,
			"requires": {
				"@babel/runtime": "^7.10.1",
				"classnames": "2.x",
				"rc-motion": "^2.0.1",
				"rc-overflow": "^1.0.0",
				"rc-trigger": "^5.0.4",
				"rc-util": "^5.9.8",
				"rc-virtual-list": "^3.2.0"
			}
		},
		"rc-slider": {
			"version": "9.7.2",
			"resolved": "https://registry.npm.taobao.org/rc-slider/download/rc-slider-9.7.2.tgz",
			"integrity": "sha1-KC9XH3WCdS66ozlk5EEYT055rXQ=",
			"dev": true,
			"requires": {
				"@babel/runtime": "^7.10.1",
				"classnames": "^2.2.5",
				"rc-tooltip": "^5.0.1",
				"rc-util": "^5.0.0",
				"shallowequal": "^1.1.0"
			}
		},
		"rc-steps": {
			"version": "4.1.3",
			"resolved": "https://registry.npm.taobao.org/rc-steps/download/rc-steps-4.1.3.tgz?cache=0&sync_timestamp=1603284565557&other_urls=https%3A%2F%2Fregistry.npm.taobao.org%2Frc-steps%2Fdownload%2Frc-steps-4.1.3.tgz",
			"integrity": "sha1-IIWA4i22GeODDdt/pBvIhsZdmAM=",
			"dev": true,
			"requires": {
				"@babel/runtime": "^7.10.2",
				"classnames": "^2.2.3",
				"rc-util": "^5.0.1"
			}
		},
		"rc-switch": {
			"version": "3.2.2",
			"resolved": "https://registry.npm.taobao.org/rc-switch/download/rc-switch-3.2.2.tgz?cache=0&sync_timestamp=1603791245844&other_urls=https%3A%2F%2Fregistry.npm.taobao.org%2Frc-switch%2Fdownload%2Frc-switch-3.2.2.tgz",
			"integrity": "sha1-0AH3fxJmTVJZW09vtCXdnmb7qOg=",
			"dev": true,
			"requires": {
				"@babel/runtime": "^7.10.1",
				"classnames": "^2.2.1",
				"rc-util": "^5.0.1"
			}
		},
		"rc-table": {
			"version": "7.15.2",
			"resolved": "https://registry.nlark.com/rc-table/download/rc-table-7.15.2.tgz",
			"integrity": "sha1-9qtzss+xx288+WgshVVhQjxrWyI=",
			"dev": true,
			"requires": {
				"@babel/runtime": "^7.10.1",
				"classnames": "^2.2.5",
				"rc-resize-observer": "^1.0.0",
				"rc-util": "^5.13.0",
				"shallowequal": "^1.1.0"
			}
		},
		"rc-tabs": {
			"version": "11.9.1",
			"resolved": "https://registry.nlark.com/rc-tabs/download/rc-tabs-11.9.1.tgz",
			"integrity": "sha1-Wy502ponaXjCFy75oFrorxTadMs=",
			"dev": true,
			"requires": {
				"@babel/runtime": "^7.11.2",
				"classnames": "2.x",
				"rc-dropdown": "^3.2.0",
				"rc-menu": "^9.0.0",
				"rc-resize-observer": "^1.0.0",
				"rc-util": "^5.5.0"
			}
		},
		"rc-textarea": {
			"version": "0.3.4",
			"resolved": "https://registry.npm.taobao.org/rc-textarea/download/rc-textarea-0.3.4.tgz?cache=0&sync_timestamp=1610543964218&other_urls=https%3A%2F%2Fregistry.npm.taobao.org%2Frc-textarea%2Fdownload%2Frc-textarea-0.3.4.tgz",
			"integrity": "sha1-FAimTIe15221yEdpnvmrXul91vk=",
			"dev": true,
			"requires": {
				"@babel/runtime": "^7.10.1",
				"classnames": "^2.2.1",
				"rc-resize-observer": "^1.0.0",
				"rc-util": "^5.7.0"
			}
		},
		"rc-tooltip": {
			"version": "5.1.1",
			"resolved": "https://registry.nlark.com/rc-tooltip/download/rc-tooltip-5.1.1.tgz",
			"integrity": "sha1-lBeO0WLQJSvEmTtyX13CrA/M8VQ=",
			"dev": true,
			"requires": {
				"@babel/runtime": "^7.11.2",
				"rc-trigger": "^5.0.0"
			}
		},
		"rc-tree": {
			"version": "4.1.5",
			"resolved": "https://registry.npm.taobao.org/rc-tree/download/rc-tree-4.1.5.tgz?cache=0&other_urls=https%3A%2F%2Fregistry.npm.taobao.org%2Frc-tree%2Fdownload%2Frc-tree-4.1.5.tgz",
			"integrity": "sha1-c0qxv+g154eRvkFELKDlcRR6tvo=",
			"dev": true,
			"requires": {
				"@babel/runtime": "^7.10.1",
				"classnames": "2.x",
				"rc-motion": "^2.0.1",
				"rc-util": "^5.0.0",
				"rc-virtual-list": "^3.0.1"
			}
		},
		"rc-tree-select": {
			"version": "4.3.3",
			"resolved": "https://registry.nlark.com/rc-tree-select/download/rc-tree-select-4.3.3.tgz?cache=0&sync_timestamp=1622703471761&other_urls=https%3A%2F%2Fregistry.nlark.com%2Frc-tree-select%2Fdownload%2Frc-tree-select-4.3.3.tgz",
			"integrity": "sha1-KOuk2KjcjA+bYdg85GWEKmkV7KQ=",
			"dev": true,
			"requires": {
				"@babel/runtime": "^7.10.1",
				"classnames": "2.x",
				"rc-select": "^12.0.0",
				"rc-tree": "^4.0.0",
				"rc-util": "^5.0.5"
			}
		},
		"rc-trigger": {
			"version": "5.2.9",
			"resolved": "https://registry.nlark.com/rc-trigger/download/rc-trigger-5.2.9.tgz",
			"integrity": "sha1-eVp4fSsDg0fc3ie4mkpc7I/EDz4=",
			"dev": true,
			"requires": {
				"@babel/runtime": "^7.11.2",
				"classnames": "^2.2.6",
				"rc-align": "^4.0.0",
				"rc-motion": "^2.0.0",
				"rc-util": "^5.5.0"
			}
		},
		"rc-upload": {
			"version": "4.3.1",
			"resolved": "https://registry.nlark.com/rc-upload/download/rc-upload-4.3.1.tgz",
			"integrity": "sha1-1u5muL0eHdL3hSbEhlOEI/fn7YQ=",
			"dev": true,
			"requires": {
				"@babel/runtime": "^7.10.1",
				"classnames": "^2.2.5",
				"rc-util": "^5.2.0"
			}
		},
		"rc-util": {
			"version": "5.13.1",
			"resolved": "https://registry.nlark.com/rc-util/download/rc-util-5.13.1.tgz",
			"integrity": "sha1-A+dJVbXEaljLxiNuTTDdRix1UpA=",
			"dev": true,
			"requires": {
				"@babel/runtime": "^7.12.5",
				"react-is": "^16.12.0",
				"shallowequal": "^1.1.0"
			}
		},
		"rc-virtual-list": {
			"version": "3.2.6",
			"resolved": "https://registry.npm.taobao.org/rc-virtual-list/download/rc-virtual-list-3.2.6.tgz",
			"integrity": "sha1-LJKkD0Ql4ZiBs4E01r0oahETfS0=",
			"dev": true,
			"requires": {
				"classnames": "^2.2.6",
				"rc-resize-observer": "^1.0.0",
				"rc-util": "^5.0.7"
			}
		},
		"react": {
			"version": "17.0.2",
			"resolved": "https://registry.nlark.com/react/download/react-17.0.2.tgz?cache=0&sync_timestamp=1623715140355&other_urls=https%3A%2F%2Fregistry.nlark.com%2Freact%2Fdownload%2Freact-17.0.2.tgz",
			"integrity": "sha1-0LXMUW0p6z7uOD91tihkz7aAADc=",
			"dev": true,
			"requires": {
				"loose-envify": "^1.1.0",
				"object-assign": "^4.1.1"
			}
		},
		"react-dom": {
			"version": "17.0.2",
			"resolved": "https://registry.nlark.com/react-dom/download/react-dom-17.0.2.tgz?cache=0&sync_timestamp=1623715141221&other_urls=https%3A%2F%2Fregistry.nlark.com%2Freact-dom%2Fdownload%2Freact-dom-17.0.2.tgz",
			"integrity": "sha1-7P+2hF462Nv83EmPDQqTlzZQLCM=",
			"dev": true,
			"requires": {
				"loose-envify": "^1.1.0",
				"object-assign": "^4.1.1",
				"scheduler": "^0.20.2"
			}
		},
		"react-is": {
			"version": "16.13.1",
			"resolved": "https://registry.nlark.com/react-is/download/react-is-16.13.1.tgz",
			"integrity": "sha1-eJcppNw23imZ3BVt1sHZwYzqVqQ=",
			"dev": true
		},
		"regenerator-runtime": {
			"version": "0.13.7",
			"resolved": "https://registry.nlark.com/regenerator-runtime/download/regenerator-runtime-0.13.7.tgz",
			"integrity": "sha1-ysLazIoepnX+qrrriugziYrkb1U=",
			"dev": true
		},
		"resize-observer-polyfill": {
			"version": "1.5.1",
			"resolved": "https://registry.npm.taobao.org/resize-observer-polyfill/download/resize-observer-polyfill-1.5.1.tgz",
			"integrity": "sha1-DpAg3T0hAkRY1OvSfiPkAmmBBGQ=",
			"dev": true
		},
		"scheduler": {
			"version": "0.20.2",
			"resolved": "https://registry.nlark.com/scheduler/download/scheduler-0.20.2.tgz",
			"integrity": "sha1-S67jlDbjSqk7SHS93L8P6Li1DpE=",
			"dev": true,
			"requires": {
				"loose-envify": "^1.1.0",
				"object-assign": "^4.1.1"
			}
		},
		"scroll-into-view-if-needed": {
			"version": "2.2.28",
			"resolved": "https://registry.npm.taobao.org/scroll-into-view-if-needed/download/scroll-into-view-if-needed-2.2.28.tgz",
			"integrity": "sha1-WhWy9YpSZCyIyOylhGROAXA9ZFo=",
			"dev": true,
			"requires": {
				"compute-scroll-into-view": "^1.0.17"
			}
		},
		"shallowequal": {
			"version": "1.1.0",
			"resolved": "https://registry.npm.taobao.org/shallowequal/download/shallowequal-1.1.0.tgz",
			"integrity": "sha1-GI1SHelbkIdAT9TctosT3wrk5/g=",
			"dev": true
		},
		"string-convert": {
			"version": "0.2.1",
			"resolved": "https://registry.npm.taobao.org/string-convert/download/string-convert-0.2.1.tgz",
			"integrity": "sha1-aYLMMEn7tM2F+LJFaLnZvznu/5c=",
			"dev": true
		},
		"toggle-selection": {
			"version": "1.0.6",
			"resolved": "https://registry.nlark.com/toggle-selection/download/toggle-selection-1.0.6.tgz",
			"integrity": "sha1-bkWxJj8gF/oKzH2J14sVuL932jI=",
			"dev": true
		},
		"typescript": {
			"version": "4.3.2",
			"resolved": "https://registry.nlark.com/typescript/download/typescript-4.3.2.tgz?cache=0&sync_timestamp=1623655365210&other_urls=https%3A%2F%2Fregistry.nlark.com%2Ftypescript%2Fdownload%2Ftypescript-4.3.2.tgz",
			"integrity": "sha1-OZqxiqxFgC1vJJjeUFT8u+cWqAU=",
			"dev": true
		},
		"warning": {
			"version": "4.0.3",
			"resolved": "https://registry.npm.taobao.org/warning/download/warning-4.0.3.tgz",
			"integrity": "sha1-Fungd+uKhtavfWSqHgX9hbRnjKM=",
			"dev": true,
			"requires": {
				"loose-envify": "^1.0.0"
			}
		}
	}
}
